{
  "name": "pokemon-go-forecast",
  "version": "1.0.0",
  "lockfileVersion": 3,
  "requires": true,
  "packages": {
    "": {
      "name": "pokemon-go-forecast",
      "version": "1.0.0",
      "license": "MIT",
      "dependencies": {
        "xmlhttprequest": "^1.8.0"
      },
      "devDependencies": {
        "@types/node": "^18.16.0",
        "prettier": "^2.8.8",
        "typescript": "^5.0.4"
      }
    },
    "node_modules/@types/node": {
      "version": "18.16.0",
      "resolved": "https://registry.npmjs.org/@types/node/-/node-18.16.0.tgz",
      "integrity": "sha512-BsAaKhB+7X+H4GnSjGhJG9Qi8Tw+inU9nJDwmD5CgOmBLEI6ArdhikpLX7DjbjDRDTbqZzU2LSQNZg8WGPiSZQ==",
      "dev": true
    },
    "node_modules/prettier": {
      "version": "2.8.8",
      "resolved": "https://registry.npmjs.org/prettier/-/prettier-2.8.8.tgz",
      "integrity": "sha512-tdN8qQGvNjw4CHbY+XXk0JgCXn9QiF21a55rBe5LJAU+kDyC4WQn4+awm2Xfk2lQMk5fKup9XgzTZtGkjBdP9Q==",
      "dev": true,
      "bin": {
        "prettier": "bin-prettier.js"
      },
      "engines": {
        "node": ">=10.13.0"
      },
      "funding": {
        "url": "https://github.com/prettier/prettier?sponsor=1"
      }
    },
    "node_modules/typescript": {
      "version": "5.0.4",
      "resolved": "https://registry.npmjs.org/typescript/-/typescript-5.0.4.tgz",
      "integrity": "sha512-cW9T5W9xY37cc+jfEnaUvX91foxtHkza3Nw3wkoF4sSlKn0MONdkdEndig/qPBWXNkmplh3NzayQzCiHM4/hqw==",
      "dev": true,
      "bin": {
        "tsc": "bin/tsc",
        "tsserver": "bin/tsserver"
      },
      "engines": {
        "node": ">=12.20"
      }
    },
    "node_modules/xmlhttprequest": {
      "version": "1.8.0",
      "resolved": "https://registry.npmjs.org/xmlhttprequest/-/xmlhttprequest-1.8.0.tgz",
      "integrity": "sha512-58Im/U0mlVBLM38NdZjHyhuMtCqa61469k2YP/AaPbvCoV9aQGUpbJBj1QRm2ytRiVQBD/fsw7L2bJGDVQswBA==",
      "engines": {
        "node": ">=0.4.0"
      }
    }
  }
}
